
Microsoft Visual Studio Solution File, Format Version 12.00
# Visual Studio Version 17
VisualStudioVersion = 17.10.34916.146
MinimumVisualStudioVersion = 10.0.40219.1
Project("{8BC9CEB8-8B4A-11D0-8D11-00A0C91BC942}") = "Employee Exercise", "Employee Exercise\Employee Exercise.vcxproj", "{EBA97E7A-7427-4D03-B859-D5630050BF07}"
EndProject
Global
	GlobalSection(SolutionConfigurationPlatforms) = preSolution
		Debug|x64 = Debug|x64
		Debug|x86 = Debug|x86
		Release|x64 = Release|x64
		Release|x86 = Release|x86
	EndGlobalSection
	GlobalSection(ProjectConfigurationPlatforms) = postSolution
		{EBA97E7A-7427-4D03-B859-D5630050BF07}.Debug|x64.ActiveCfg = Debug|x64
		{EBA97E7A-7427-4D03-B859-D5630050BF07}.Debug|x64.Build.0 = Debug|x64
		{EBA97E7A-7427-4D03-B859-D5630050BF07}.Debug|x86.ActiveCfg = Debug|Win32
		{EBA97E7A-7427-4D03-B859-D5630050BF07}.Debug|x86.Build.0 = Debug|Win32
		{EBA97E7A-7427-4D03-B859-D5630050BF07}.Release|x64.ActiveCfg = Release|x64
		{EBA97E7A-7427-4D03-B859-D5630050BF07}.Release|x64.Build.0 = Release|x64
		{EBA97E7A-7427-4D03-B859-D5630050BF07}.Release|x86.ActiveCfg = Release|Win32
		{EBA97E7A-7427-4D03-B859-D5630050BF07}.Release|x86.Build.0 = Release|Win32
	EndGlobalSection
	GlobalSection(SolutionProperties) = preSolution
		HideSolutionNode = FALSE
	EndGlobalSection
	GlobalSection(ExtensibilityGlobals) = postSolution
		SolutionGuid = {5C20921B-AE3B-4F8A-A728-48AD32500B89}
	EndGlobalSection
EndGlobal
